
Microsoft Visual Studio Solution File, Format Version 12.00
# Visual Studio Version 17
VisualStudioVersion = 17.5.33502.453
MinimumVisualStudioVersion = 10.0.40219.1
Project("{9A19103F-16F7-4668-BE54-9A1E7A4F7556}") = "horizontal", "Horizontal\horizontal.csproj", "{C673269B-4AE6-4FB9-84F3-E750FF5C6515}"
EndProject
Global
	GlobalSection(SolutionConfigurationPlatforms) = preSolution
		Debug|Any CPU = Debug|Any CPU
		Release|Any CPU = Release|Any CPU
	EndGlobalSection
	GlobalSection(ProjectConfigurationPlatforms) = postSolution
		{C673269B-4AE6-4FB9-84F3-E750FF5C6515}.Debug|Any CPU.ActiveCfg = Debug|Any CPU
		{C673269B-4AE6-4FB9-84F3-E750FF5C6515}.Debug|Any CPU.Build.0 = Debug|Any CPU
		{C673269B-4AE6-4FB9-84F3-E750FF5C6515}.Release|Any CPU.ActiveCfg = Release|Any CPU
		{C673269B-4AE6-4FB9-84F3-E750FF5C6515}.Release|Any CPU.Build.0 = Release|Any CPU
	EndGlobalSection
	GlobalSection(SolutionProperties) = preSolution
		HideSolutionNode = FALSE
	EndGlobalSection
	GlobalSection(ExtensibilityGlobals) = postSolution
		SolutionGuid = {35A489D6-5DD8-4C67-9AB3-1ED1A7A17780}
	EndGlobalSection
EndGlobal
